<?xml version="1.0" encoding="utf-8"?>
<Project ToolsVersion="4.0" xmlns="http://schemas.microsoft.com/developer/msbuild/2003">
  <ItemGroup>
    <Filter Include="소스 파일">
      <UniqueIdentifier>{4FC737F1-C7A5-4376-A066-2A32D752A2FF}</UniqueIdentifier>
      <Extensions>cpp;c;cc;cxx;c++;cppm;ixx;def;odl;idl;hpj;bat;asm;asmx</Extensions>
    </Filter>
    <Filter Include="헤더 파일">
      <UniqueIdentifier>{93995380-89BD-4b04-88EB-625FBE52EBFB}</UniqueIdentifier>
      <Extensions>h;hh;hpp;hxx;h++;hm;inl;inc;ipp;xsd</Extensions>
    </Filter>
    <Filter Include="리소스 파일">
      <UniqueIdentifier>{67DA6AB6-F800-4c08-8B7A-83BB121AAD01}</UniqueIdentifier>
      <Extensions>rc;ico;cur;bmp;dlg;rc2;rct;bin;rgs;gif;jpg;jpeg;jpe;resx;tiff;tif;png;wav;mfcribbon-ms</Extensions>
    </Filter>
    <Filter Include="메모">
      <UniqueIdentifier>{09616b6a-28bd-4f80-a0dd-808413e671e8}</UniqueIdentifier>
    </Filter>
    <Filter Include="헤더 파일\Editing">
      <UniqueIdentifier>{5458f493-3c65-445c-ab06-9eea01d645b4}</UniqueIdentifier>
    </Filter>
  </ItemGroup>
  <ItemGroup>
    <Text Include="Interpolation.txt">
      <Filter>메모</Filter>
    </Text>
    <Text Include="Utill_Str 기획.txt">
      <Filter>메모</Filter>
    </Text>
    <Text Include="텍스트.txt">
      <Filter>메모</Filter>
    </Text>
    <Text Include="HeapDump.txt">
      <Filter>헤더 파일\Editing</Filter>
    </Text>
  </ItemGroup>
  <ItemGroup>
    <ClInclude Include="Utill_Str.h">
      <Filter>헤더 파일</Filter>
    </ClInclude>
    <ClInclude Include="Utill_FreeMemory.h">
      <Filter>헤더 파일</Filter>
    </ClInclude>
    <ClInclude Include="Utill_SpaceMath.h">
      <Filter>헤더 파일</Filter>
    </ClInclude>
    <ClInclude Include="Utill_SeekUnknown.h">
      <Filter>헤더 파일</Filter>
    </ClInclude>
    <ClInclude Include="Utill_Reform.h">
      <Filter>헤더 파일</Filter>
    </ClInclude>
    <ClInclude Include="Utill_Math_Expression.h">
      <Filter>헤더 파일</Filter>
    </ClInclude>
    <ClInclude Include="Utill_Safe.h">
      <Filter>헤더 파일</Filter>
    </ClInclude>
    <ClInclude Include="Utill_StrArr.h">
      <Filter>헤더 파일</Filter>
    </ClInclude>
    <ClInclude Include="Utill_ConditionDefines.h">
      <Filter>헤더 파일</Filter>
    </ClInclude>
    <ClInclude Include="Utill_ImageFormating.h">
      <Filter>헤더 파일</Filter>
    </ClInclude>
    <ClInclude Include="Utill_SoundFormating.h">
      <Filter>헤더 파일</Filter>
    </ClInclude>
    <ClInclude Include="Utill_VirtualUnit.h">
      <Filter>헤더 파일</Filter>
    </ClInclude>
    <ClInclude Include="Editing\arr_expend.h">
      <Filter>헤더 파일\Editing</Filter>
    </ClInclude>
    <ClInclude Include="Editing\Utill_FreeMemory.h">
      <Filter>헤더 파일\Editing</Filter>
    </ClInclude>
    <ClInclude Include="Utill_BitOper.h">
      <Filter>헤더 파일</Filter>
    </ClInclude>
    <ClInclude Include="Editing\Utill_Wave.h">
      <Filter>헤더 파일\Editing</Filter>
    </ClInclude>
  </ItemGroup>
  <ItemGroup>
    <ClCompile Include="main.cpp">
      <Filter>소스 파일</Filter>
    </ClCompile>
    <ClCompile Include="Utill_Math_Interpolation.h">
      <Filter>헤더 파일</Filter>
    </ClCompile>
    <ClCompile Include="mathexpr.cpp">
      <Filter>소스 파일</Filter>
    </ClCompile>
    <ClCompile Include="Imagetest.cpp">
      <Filter>소스 파일</Filter>
    </ClCompile>
    <ClCompile Include="Editing\fmtest.cpp">
      <Filter>헤더 파일\Editing</Filter>
    </ClCompile>
    <ClCompile Include="Editing\fmtest_siztable.cpp">
      <Filter>헤더 파일\Editing</Filter>
    </ClCompile>
    <ClCompile Include="Editing\opti_test.cpp">
      <Filter>헤더 파일\Editing</Filter>
    </ClCompile>
    <ClCompile Include="Editing\wavetest.cpp">
      <Filter>헤더 파일\Editing</Filter>
    </ClCompile>
    <ClCompile Include="Editing\optimizedAsm.cpp">
      <Filter>헤더 파일\Editing</Filter>
    </ClCompile>
  </ItemGroup>
  <ItemGroup>
    <None Include="Editing\fmtest_siztable">
      <Filter>헤더 파일\Editing</Filter>
    </None>
  </ItemGroup>
  <ItemGroup>
    <CustomBuild Include="Editing\x64asm.asm">
      <Filter>헤더 파일\Editing</Filter>
    </CustomBuild>
  </ItemGroup>
</Project>